// !$*UTF8*$!
{
	archiveVersion = 1;
	classes = {
	};
	objectVersion = 50;
	objects = {

/* Begin PBXBuildFile section */
		AA4B1267247E390F0012556C /* ContentDetailsVC.swift in Sources */ = {isa = PBXBuildFile; fileRef = AA4B1266247E390F0012556C /* ContentDetailsVC.swift */; };
		AA51C0F42473C5F700DA5D99 /* GenreCell.swift in Sources */ = {isa = PBXBuildFile; fileRef = AA51C0F22473C5F600DA5D99 /* GenreCell.swift */; };
		AA51C0F52473C5F700DA5D99 /* GenreCell.xib in Resources */ = {isa = PBXBuildFile; fileRef = AA51C0F32473C5F700DA5D99 /* GenreCell.xib */; };
		AA5227282468EBEE00209793 /* AppDelegate.swift in Sources */ = {isa = PBXBuildFile; fileRef = AA5227272468EBEE00209793 /* AppDelegate.swift */; };
		AA52272A2468EBEE00209793 /* SceneDelegate.swift in Sources */ = {isa = PBXBuildFile; fileRef = AA5227292468EBEE00209793 /* SceneDelegate.swift */; };
		AA52272C2468EBEE00209793 /* BaseVC.swift in Sources */ = {isa = PBXBuildFile; fileRef = AA52272B2468EBEE00209793 /* BaseVC.swift */; };
		AA52272F2468EBEE00209793 /* Main.storyboard in Resources */ = {isa = PBXBuildFile; fileRef = AA52272D2468EBEE00209793 /* Main.storyboard */; };
		AA5227312468EBF000209793 /* Assets.xcassets in Resources */ = {isa = PBXBuildFile; fileRef = AA5227302468EBF000209793 /* Assets.xcassets */; };
		AA5227342468EBF000209793 /* LaunchScreen.storyboard in Resources */ = {isa = PBXBuildFile; fileRef = AA5227322468EBF000209793 /* LaunchScreen.storyboard */; };
		AA5DD80924731722008B5B38 /* TLYShyNavBarManager.m in Sources */ = {isa = PBXBuildFile; fileRef = AA5DD80524731722008B5B38 /* TLYShyNavBarManager.m */; };
		AA5DD81724731B9D008B5B38 /* UIViewController+BetterLayoutGuides.m in Sources */ = {isa = PBXBuildFile; fileRef = AA5DD81224731B9C008B5B38 /* UIViewController+BetterLayoutGuides.m */; };
		AA5DD81824731B9D008B5B38 /* NSObject+TLYSwizzlingHelpers.m in Sources */ = {isa = PBXBuildFile; fileRef = AA5DD81424731B9D008B5B38 /* NSObject+TLYSwizzlingHelpers.m */; };
		AA5DD81924731B9D008B5B38 /* TLYDelegateProxy.m in Sources */ = {isa = PBXBuildFile; fileRef = AA5DD81524731B9D008B5B38 /* TLYDelegateProxy.m */; };
		AA5DD81A24731B9D008B5B38 /* UIScrollView+Helpers.m in Sources */ = {isa = PBXBuildFile; fileRef = AA5DD81624731B9D008B5B38 /* UIScrollView+Helpers.m */; };
		AA5DD82424731BBF008B5B38 /* TLYShyStatusBarController.m in Sources */ = {isa = PBXBuildFile; fileRef = AA5DD82024731BBF008B5B38 /* TLYShyStatusBarController.m */; };
		AA5DD82524731BBF008B5B38 /* TLYShyViewController.m in Sources */ = {isa = PBXBuildFile; fileRef = AA5DD82224731BBF008B5B38 /* TLYShyViewController.m */; };
		AA5DD82624731BBF008B5B38 /* TLYShyScrollViewController.m in Sources */ = {isa = PBXBuildFile; fileRef = AA5DD82324731BBF008B5B38 /* TLYShyScrollViewController.m */; };
		AA6C76012482BD2C0009AFFB /* PopularPeople.swift in Sources */ = {isa = PBXBuildFile; fileRef = AA6C76002482BD2C0009AFFB /* PopularPeople.swift */; };
		AA7E1B96247FC2CF00312381 /* PopularPeopleCell.swift in Sources */ = {isa = PBXBuildFile; fileRef = AA7E1B94247FC2CF00312381 /* PopularPeopleCell.swift */; };
		AA7E1B97247FC2CF00312381 /* PopularPeopleCell.xib in Resources */ = {isa = PBXBuildFile; fileRef = AA7E1B95247FC2CF00312381 /* PopularPeopleCell.xib */; };
		AA969F242468F84B00D63378 /* SideMenuVC.swift in Sources */ = {isa = PBXBuildFile; fileRef = AA969F232468F84B00D63378 /* SideMenuVC.swift */; };
		AA969F272468FB6900D63378 /* HomeVC.swift in Sources */ = {isa = PBXBuildFile; fileRef = AA969F262468FB6900D63378 /* HomeVC.swift */; };
		AA969F2A2468FC1F00D63378 /* NavigationVC.swift in Sources */ = {isa = PBXBuildFile; fileRef = AA969F292468FC1F00D63378 /* NavigationVC.swift */; };
		AA969F2E2468FE3F00D63378 /* Constants.swift in Sources */ = {isa = PBXBuildFile; fileRef = AA969F2D2468FE3F00D63378 /* Constants.swift */; };
		AAB6B0B1246B2CD10004B1FB /* GenreImageCell.swift in Sources */ = {isa = PBXBuildFile; fileRef = AAB6B0AF246B2CD10004B1FB /* GenreImageCell.swift */; };
		AAB6B0B2246B2CD10004B1FB /* GenreImageCell.xib in Resources */ = {isa = PBXBuildFile; fileRef = AAB6B0B0246B2CD10004B1FB /* GenreImageCell.xib */; };
		AAC5435A246F17A200168302 /* Helper.swift in Sources */ = {isa = PBXBuildFile; fileRef = AAC54359246F17A200168302 /* Helper.swift */; };
		AAC5435C246F711E00168302 /* Movies.swift in Sources */ = {isa = PBXBuildFile; fileRef = AAC5435B246F711E00168302 /* Movies.swift */; };
		AAC7BA73248D4180000957E4 /* GenreCell+ Collection.swift in Sources */ = {isa = PBXBuildFile; fileRef = AAC7BA72248D4180000957E4 /* GenreCell+ Collection.swift */; };
		AAC7BA77248D8630000957E4 /* MenuTableViewCell.swift in Sources */ = {isa = PBXBuildFile; fileRef = AAC7BA75248D8630000957E4 /* MenuTableViewCell.swift */; };
		AAC7BA78248D8630000957E4 /* MenuTableViewCell.xib in Resources */ = {isa = PBXBuildFile; fileRef = AAC7BA76248D8630000957E4 /* MenuTableViewCell.xib */; };
		AACB13AE24751826007C7944 /* Popular.swift in Sources */ = {isa = PBXBuildFile; fileRef = AACB13AD24751826007C7944 /* Popular.swift */; };
		AACB93AB246A1A1100D32855 /* SliderCell.swift in Sources */ = {isa = PBXBuildFile; fileRef = AACB93A9246A1A1100D32855 /* SliderCell.swift */; };
		AACB93AC246A1A1100D32855 /* SliderCell.xib in Resources */ = {isa = PBXBuildFile; fileRef = AACB93AA246A1A1100D32855 /* SliderCell.xib */; };
		AACB93AF246A1FAD00D32855 /* GradientView.swift in Sources */ = {isa = PBXBuildFile; fileRef = AACB93AE246A1FAD00D32855 /* GradientView.swift */; };
		AACB93B1246A260400D32855 /* HomeVC + Collection.swift in Sources */ = {isa = PBXBuildFile; fileRef = AACB93B0246A260400D32855 /* HomeVC + Collection.swift */; };
		AACB93BB246A689E00D32855 /* SliderImageCell.swift in Sources */ = {isa = PBXBuildFile; fileRef = AACB93B9246A689E00D32855 /* SliderImageCell.swift */; };
		AACB93BC246A689E00D32855 /* SliderImageCell.xib in Resources */ = {isa = PBXBuildFile; fileRef = AACB93BA246A689E00D32855 /* SliderImageCell.xib */; };
		AAD258BC246DEB59003C8AEA /* Endpoints.swift in Sources */ = {isa = PBXBuildFile; fileRef = AAD258BB246DEB59003C8AEA /* Endpoints.swift */; };
		AAD258C0246DED6C003C8AEA /* ImageService.swift in Sources */ = {isa = PBXBuildFile; fileRef = AAD258BE246DED6C003C8AEA /* ImageService.swift */; };
		AAD258C8246E2016003C8AEA /* API.swift in Sources */ = {isa = PBXBuildFile; fileRef = AAD258C7246E2016003C8AEA /* API.swift */; };
		AADE60C524770681008FD255 /* CollectionsVC + CollectionDelegates.swift in Sources */ = {isa = PBXBuildFile; fileRef = AADE60C424770681008FD255 /* CollectionsVC + CollectionDelegates.swift */; };
		AADEAADB2475CD07003C77B0 /* Navbar + GradientView.swift in Sources */ = {isa = PBXBuildFile; fileRef = AADEAADA2475CD07003C77B0 /* Navbar + GradientView.swift */; };
		AADEAADE2475D2C2003C77B0 /* CollectionsVC.swift in Sources */ = {isa = PBXBuildFile; fileRef = AADEAADD2475D2C2003C77B0 /* CollectionsVC.swift */; };
		AADEAAE4247644E4003C77B0 /* CollectionsCell.swift in Sources */ = {isa = PBXBuildFile; fileRef = AADEAAE2247644E4003C77B0 /* CollectionsCell.swift */; };
		AADEAAE5247644E4003C77B0 /* CollectionsCell.xib in Resources */ = {isa = PBXBuildFile; fileRef = AADEAAE3247644E4003C77B0 /* CollectionsCell.xib */; };
		AAEEBF5A247E85BD00019BA6 /* MoviesDetailsVC + SliderCollection.swift in Sources */ = {isa = PBXBuildFile; fileRef = AAEEBF59247E85BD00019BA6 /* MoviesDetailsVC + SliderCollection.swift */; };
		AAEEBF5D247E867700019BA6 /* SliderDetailsCell.swift in Sources */ = {isa = PBXBuildFile; fileRef = AAEEBF5B247E867700019BA6 /* SliderDetailsCell.swift */; };
		AAEEBF5E247E867700019BA6 /* SliderDetailsCell.xib in Resources */ = {isa = PBXBuildFile; fileRef = AAEEBF5C247E867700019BA6 /* SliderDetailsCell.xib */; };
		EADFB200AF420674212C85EB /* libPods-Moviebase.a in Frameworks */ = {isa = PBXBuildFile; fileRef = 444A706E62AC3C853FFD3AAF /* libPods-Moviebase.a */; };
/* End PBXBuildFile section */

/* Begin PBXFileReference section */
		048E3C81E490E4E5D358E9E3 /* Pods-Moviebase.release.xcconfig */ = {isa = PBXFileReference; includeInIndex = 1; lastKnownFileType = text.xcconfig; name = "Pods-Moviebase.release.xcconfig"; path = "Target Support Files/Pods-Moviebase/Pods-Moviebase.release.xcconfig"; sourceTree = "<group>"; };
		444A706E62AC3C853FFD3AAF /* libPods-Moviebase.a */ = {isa = PBXFileReference; explicitFileType = archive.ar; includeInIndex = 0; path = "libPods-Moviebase.a"; sourceTree = BUILT_PRODUCTS_DIR; };
		5EC699D4587A569EA64AF286 /* Pods-Moviebase.debug.xcconfig */ = {isa = PBXFileReference; includeInIndex = 1; lastKnownFileType = text.xcconfig; name = "Pods-Moviebase.debug.xcconfig"; path = "Target Support Files/Pods-Moviebase/Pods-Moviebase.debug.xcconfig"; sourceTree = "<group>"; };
		AA4B1266247E390F0012556C /* ContentDetailsVC.swift */ = {isa = PBXFileReference; lastKnownFileType = sourcecode.swift; path = ContentDetailsVC.swift; sourceTree = "<group>"; };
		AA51C0F22473C5F600DA5D99 /* GenreCell.swift */ = {isa = PBXFileReference; fileEncoding = 4; lastKnownFileType = sourcecode.swift; path = GenreCell.swift; sourceTree = "<group>"; };
		AA51C0F32473C5F700DA5D99 /* GenreCell.xib */ = {isa = PBXFileReference; fileEncoding = 4; lastKnownFileType = file.xib; path = GenreCell.xib; sourceTree = "<group>"; };
		AA5227242468EBEE00209793 /* Moviebase.app */ = {isa = PBXFileReference; explicitFileType = wrapper.application; includeInIndex = 0; path = Moviebase.app; sourceTree = BUILT_PRODUCTS_DIR; };
		AA5227272468EBEE00209793 /* AppDelegate.swift */ = {isa = PBXFileReference; lastKnownFileType = sourcecode.swift; path = AppDelegate.swift; sourceTree = "<group>"; };
		AA5227292468EBEE00209793 /* SceneDelegate.swift */ = {isa = PBXFileReference; lastKnownFileType = sourcecode.swift; path = SceneDelegate.swift; sourceTree = "<group>"; };
		AA52272B2468EBEE00209793 /* BaseVC.swift */ = {isa = PBXFileReference; lastKnownFileType = sourcecode.swift; path = BaseVC.swift; sourceTree = "<group>"; };
		AA52272E2468EBEE00209793 /* Base */ = {isa = PBXFileReference; lastKnownFileType = file.storyboard; name = Base; path = Base.lproj/Main.storyboard; sourceTree = "<group>"; };
		AA5227302468EBF000209793 /* Assets.xcassets */ = {isa = PBXFileReference; lastKnownFileType = folder.assetcatalog; path = Assets.xcassets; sourceTree = "<group>"; };
		AA5227332468EBF000209793 /* Base */ = {isa = PBXFileReference; lastKnownFileType = file.storyboard; name = Base; path = Base.lproj/LaunchScreen.storyboard; sourceTree = "<group>"; };
		AA5227352468EBF000209793 /* Info.plist */ = {isa = PBXFileReference; lastKnownFileType = text.plist.xml; path = Info.plist; sourceTree = "<group>"; };
		AA5DD80424731721008B5B38 /* Moviebase-Bridging-Header.h */ = {isa = PBXFileReference; lastKnownFileType = sourcecode.c.h; path = "Moviebase-Bridging-Header.h"; sourceTree = "<group>"; };
		AA5DD80524731722008B5B38 /* TLYShyNavBarManager.m */ = {isa = PBXFileReference; fileEncoding = 4; lastKnownFileType = sourcecode.c.objc; path = TLYShyNavBarManager.m; sourceTree = "<group>"; };
		AA5DD80624731722008B5B38 /* TLYShyNavBarManager.h */ = {isa = PBXFileReference; fileEncoding = 4; lastKnownFileType = sourcecode.c.h; path = TLYShyNavBarManager.h; sourceTree = "<group>"; };
		AA5DD80724731722008B5B38 /* TLYShyNavBar.h */ = {isa = PBXFileReference; fileEncoding = 4; lastKnownFileType = sourcecode.c.h; path = TLYShyNavBar.h; sourceTree = "<group>"; };
		AA5DD80824731722008B5B38 /* TLYShyNavBarFade.h */ = {isa = PBXFileReference; fileEncoding = 4; lastKnownFileType = sourcecode.c.h; path = TLYShyNavBarFade.h; sourceTree = "<group>"; };
		AA5DD80F24731B9C008B5B38 /* UIViewController+BetterLayoutGuides.h */ = {isa = PBXFileReference; fileEncoding = 4; lastKnownFileType = sourcecode.c.h; path = "UIViewController+BetterLayoutGuides.h"; sourceTree = "<group>"; };
		AA5DD81024731B9C008B5B38 /* NSObject+TLYSwizzlingHelpers.h */ = {isa = PBXFileReference; fileEncoding = 4; lastKnownFileType = sourcecode.c.h; path = "NSObject+TLYSwizzlingHelpers.h"; sourceTree = "<group>"; };
		AA5DD81124731B9C008B5B38 /* UIScrollView+Helpers.h */ = {isa = PBXFileReference; fileEncoding = 4; lastKnownFileType = sourcecode.c.h; path = "UIScrollView+Helpers.h"; sourceTree = "<group>"; };
		AA5DD81224731B9C008B5B38 /* UIViewController+BetterLayoutGuides.m */ = {isa = PBXFileReference; fileEncoding = 4; lastKnownFileType = sourcecode.c.objc; path = "UIViewController+BetterLayoutGuides.m"; sourceTree = "<group>"; };
		AA5DD81324731B9D008B5B38 /* TLYDelegateProxy.h */ = {isa = PBXFileReference; fileEncoding = 4; lastKnownFileType = sourcecode.c.h; path = TLYDelegateProxy.h; sourceTree = "<group>"; };
		AA5DD81424731B9D008B5B38 /* NSObject+TLYSwizzlingHelpers.m */ = {isa = PBXFileReference; fileEncoding = 4; lastKnownFileType = sourcecode.c.objc; path = "NSObject+TLYSwizzlingHelpers.m"; sourceTree = "<group>"; };
		AA5DD81524731B9D008B5B38 /* TLYDelegateProxy.m */ = {isa = PBXFileReference; fileEncoding = 4; lastKnownFileType = sourcecode.c.objc; path = TLYDelegateProxy.m; sourceTree = "<group>"; };
		AA5DD81624731B9D008B5B38 /* UIScrollView+Helpers.m */ = {isa = PBXFileReference; fileEncoding = 4; lastKnownFileType = sourcecode.c.objc; path = "UIScrollView+Helpers.m"; sourceTree = "<group>"; };
		AA5DD81C24731BBE008B5B38 /* TLYShyParent.h */ = {isa = PBXFileReference; fileEncoding = 4; lastKnownFileType = sourcecode.c.h; path = TLYShyParent.h; sourceTree = "<group>"; };
		AA5DD81D24731BBF008B5B38 /* TLYShyChild.h */ = {isa = PBXFileReference; fileEncoding = 4; lastKnownFileType = sourcecode.c.h; path = TLYShyChild.h; sourceTree = "<group>"; };
		AA5DD81E24731BBF008B5B38 /* TLYShyScrollViewController.h */ = {isa = PBXFileReference; fileEncoding = 4; lastKnownFileType = sourcecode.c.h; path = TLYShyScrollViewController.h; sourceTree = "<group>"; };
		AA5DD81F24731BBF008B5B38 /* TLYShyViewController.h */ = {isa = PBXFileReference; fileEncoding = 4; lastKnownFileType = sourcecode.c.h; path = TLYShyViewController.h; sourceTree = "<group>"; };
		AA5DD82024731BBF008B5B38 /* TLYShyStatusBarController.m */ = {isa = PBXFileReference; fileEncoding = 4; lastKnownFileType = sourcecode.c.objc; path = TLYShyStatusBarController.m; sourceTree = "<group>"; };
		AA5DD82124731BBF008B5B38 /* TLYShyStatusBarController.h */ = {isa = PBXFileReference; fileEncoding = 4; lastKnownFileType = sourcecode.c.h; path = TLYShyStatusBarController.h; sourceTree = "<group>"; };
		AA5DD82224731BBF008B5B38 /* TLYShyViewController.m */ = {isa = PBXFileReference; fileEncoding = 4; lastKnownFileType = sourcecode.c.objc; path = TLYShyViewController.m; sourceTree = "<group>"; };
		AA5DD82324731BBF008B5B38 /* TLYShyScrollViewController.m */ = {isa = PBXFileReference; fileEncoding = 4; lastKnownFileType = sourcecode.c.objc; path = TLYShyScrollViewController.m; sourceTree = "<group>"; };
		AA6C76002482BD2C0009AFFB /* PopularPeople.swift */ = {isa = PBXFileReference; lastKnownFileType = sourcecode.swift; path = PopularPeople.swift; sourceTree = "<group>"; };
		AA7E1B94247FC2CF00312381 /* PopularPeopleCell.swift */ = {isa = PBXFileReference; lastKnownFileType = sourcecode.swift; path = PopularPeopleCell.swift; sourceTree = "<group>"; };
		AA7E1B95247FC2CF00312381 /* PopularPeopleCell.xib */ = {isa = PBXFileReference; lastKnownFileType = file.xib; path = PopularPeopleCell.xib; sourceTree = "<group>"; };
		AA969F232468F84B00D63378 /* SideMenuVC.swift */ = {isa = PBXFileReference; lastKnownFileType = sourcecode.swift; path = SideMenuVC.swift; sourceTree = "<group>"; };
		AA969F262468FB6900D63378 /* HomeVC.swift */ = {isa = PBXFileReference; lastKnownFileType = sourcecode.swift; path = HomeVC.swift; sourceTree = "<group>"; };
		AA969F292468FC1F00D63378 /* NavigationVC.swift */ = {isa = PBXFileReference; lastKnownFileType = sourcecode.swift; path = NavigationVC.swift; sourceTree = "<group>"; };
		AA969F2D2468FE3F00D63378 /* Constants.swift */ = {isa = PBXFileReference; lastKnownFileType = sourcecode.swift; path = Constants.swift; sourceTree = "<group>"; };
		AAB6B0AF246B2CD10004B1FB /* GenreImageCell.swift */ = {isa = PBXFileReference; lastKnownFileType = sourcecode.swift; path = GenreImageCell.swift; sourceTree = "<group>"; };
		AAB6B0B0246B2CD10004B1FB /* GenreImageCell.xib */ = {isa = PBXFileReference; lastKnownFileType = file.xib; path = GenreImageCell.xib; sourceTree = "<group>"; };
		AAC54359246F17A200168302 /* Helper.swift */ = {isa = PBXFileReference; lastKnownFileType = sourcecode.swift; path = Helper.swift; sourceTree = "<group>"; };
		AAC5435B246F711E00168302 /* Movies.swift */ = {isa = PBXFileReference; lastKnownFileType = sourcecode.swift; path = Movies.swift; sourceTree = "<group>"; };
		AAC7BA72248D4180000957E4 /* GenreCell+ Collection.swift */ = {isa = PBXFileReference; lastKnownFileType = sourcecode.swift; path = "GenreCell+ Collection.swift"; sourceTree = "<group>"; };
		AAC7BA75248D8630000957E4 /* MenuTableViewCell.swift */ = {isa = PBXFileReference; lastKnownFileType = sourcecode.swift; path = MenuTableViewCell.swift; sourceTree = "<group>"; };
		AAC7BA76248D8630000957E4 /* MenuTableViewCell.xib */ = {isa = PBXFileReference; lastKnownFileType = file.xib; path = MenuTableViewCell.xib; sourceTree = "<group>"; };
		AACB13AD24751826007C7944 /* Popular.swift */ = {isa = PBXFileReference; lastKnownFileType = sourcecode.swift; path = Popular.swift; sourceTree = "<group>"; };
		AACB93A9246A1A1100D32855 /* SliderCell.swift */ = {isa = PBXFileReference; lastKnownFileType = sourcecode.swift; path = SliderCell.swift; sourceTree = "<group>"; };
		AACB93AA246A1A1100D32855 /* SliderCell.xib */ = {isa = PBXFileReference; lastKnownFileType = file.xib; path = SliderCell.xib; sourceTree = "<group>"; };
		AACB93AE246A1FAD00D32855 /* GradientView.swift */ = {isa = PBXFileReference; lastKnownFileType = sourcecode.swift; path = GradientView.swift; sourceTree = "<group>"; };
		AACB93B0246A260400D32855 /* HomeVC + Collection.swift */ = {isa = PBXFileReference; lastKnownFileType = sourcecode.swift; path = "HomeVC + Collection.swift"; sourceTree = "<group>"; };
		AACB93B9246A689E00D32855 /* SliderImageCell.swift */ = {isa = PBXFileReference; lastKnownFileType = sourcecode.swift; path = SliderImageCell.swift; sourceTree = "<group>"; };
		AACB93BA246A689E00D32855 /* SliderImageCell.xib */ = {isa = PBXFileReference; lastKnownFileType = file.xib; path = SliderImageCell.xib; sourceTree = "<group>"; };
		AAD258BB246DEB59003C8AEA /* Endpoints.swift */ = {isa = PBXFileReference; lastKnownFileType = sourcecode.swift; path = Endpoints.swift; sourceTree = "<group>"; };
		AAD258BE246DED6C003C8AEA /* ImageService.swift */ = {isa = PBXFileReference; fileEncoding = 4; lastKnownFileType = sourcecode.swift; path = ImageService.swift; sourceTree = "<group>"; };
		AAD258C7246E2016003C8AEA /* API.swift */ = {isa = PBXFileReference; lastKnownFileType = sourcecode.swift; path = API.swift; sourceTree = "<group>"; };
		AADE60C424770681008FD255 /* CollectionsVC + CollectionDelegates.swift */ = {isa = PBXFileReference; lastKnownFileType = sourcecode.swift; path = "CollectionsVC + CollectionDelegates.swift"; sourceTree = "<group>"; };
		AADEAADA2475CD07003C77B0 /* Navbar + GradientView.swift */ = {isa = PBXFileReference; lastKnownFileType = sourcecode.swift; path = "Navbar + GradientView.swift"; sourceTree = "<group>"; };
		AADEAADD2475D2C2003C77B0 /* CollectionsVC.swift */ = {isa = PBXFileReference; lastKnownFileType = sourcecode.swift; path = CollectionsVC.swift; sourceTree = "<group>"; };
		AADEAAE2247644E4003C77B0 /* CollectionsCell.swift */ = {isa = PBXFileReference; lastKnownFileType = sourcecode.swift; path = CollectionsCell.swift; sourceTree = "<group>"; };
		AADEAAE3247644E4003C77B0 /* CollectionsCell.xib */ = {isa = PBXFileReference; lastKnownFileType = file.xib; path = CollectionsCell.xib; sourceTree = "<group>"; };
		AAEEBF59247E85BD00019BA6 /* MoviesDetailsVC + SliderCollection.swift */ = {isa = PBXFileReference; lastKnownFileType = sourcecode.swift; path = "MoviesDetailsVC + SliderCollection.swift"; sourceTree = "<group>"; };
		AAEEBF5B247E867700019BA6 /* SliderDetailsCell.swift */ = {isa = PBXFileReference; lastKnownFileType = sourcecode.swift; path = SliderDetailsCell.swift; sourceTree = "<group>"; };
		AAEEBF5C247E867700019BA6 /* SliderDetailsCell.xib */ = {isa = PBXFileReference; lastKnownFileType = file.xib; path = SliderDetailsCell.xib; sourceTree = "<group>"; };
/* End PBXFileReference section */

/* Begin PBXFrameworksBuildPhase section */
		AA5227212468EBEE00209793 /* Frameworks */ = {
			isa = PBXFrameworksBuildPhase;
			buildActionMask = 2147483647;
			files = (
				EADFB200AF420674212C85EB /* libPods-Moviebase.a in Frameworks */,
			);
			runOnlyForDeploymentPostprocessing = 0;
		};
/* End PBXFrameworksBuildPhase section */

/* Begin PBXGroup section */
		3439F8BF353B621958DF00BB /* Frameworks */ = {
			isa = PBXGroup;
			children = (
				444A706E62AC3C853FFD3AAF /* libPods-Moviebase.a */,
			);
			name = Frameworks;
			sourceTree = "<group>";
		};
		6ABB355E9467FC6FE9500E8A /* Pods */ = {
			isa = PBXGroup;
			children = (
				5EC699D4587A569EA64AF286 /* Pods-Moviebase.debug.xcconfig */,
				048E3C81E490E4E5D358E9E3 /* Pods-Moviebase.release.xcconfig */,
			);
			path = Pods;
			sourceTree = "<group>";
		};
		AA4B1265247E38B70012556C /* Movies-Details */ = {
			isa = PBXGroup;
			children = (
				AAEEBF54247E83D300019BA6 /* Controllers */,
				AAEEBF53247E83B700019BA6 /* Cells */,
			);
			path = "Movies-Details";
			sourceTree = "<group>";
		};
		AA52271B2468EBEE00209793 = {
			isa = PBXGroup;
			children = (
				AA5227262468EBEE00209793 /* Moviebase */,
				AA5227252468EBEE00209793 /* Products */,
				6ABB355E9467FC6FE9500E8A /* Pods */,
				3439F8BF353B621958DF00BB /* Frameworks */,
			);
			sourceTree = "<group>";
		};
		AA5227252468EBEE00209793 /* Products */ = {
			isa = PBXGroup;
			children = (
				AA5227242468EBEE00209793 /* Moviebase.app */,
			);
			name = Products;
			sourceTree = "<group>";
		};
		AA5227262468EBEE00209793 /* Moviebase */ = {
			isa = PBXGroup;
			children = (
				AA969F1C2468F24A00D63378 /* Supporting Files */,
				AA969F1F2468F70200D63378 /* Core */,
				AA969F182468F0E200D63378 /* Data */,
				AA969F1B2468F23F00D63378 /* Scenes */,
				AA969F1E2468F6CD00D63378 /* Storyboard */,
			);
			path = Moviebase;
			sourceTree = "<group>";
		};
		AA5DD80324731383008B5B38 /* CuatomNavBar */ = {
			isa = PBXGroup;
			children = (
				AA5DD81B24731BB2008B5B38 /* ShyControllers */,
				AA5DD80E24731B86008B5B38 /* Categories */,
				AA5DD80724731722008B5B38 /* TLYShyNavBar.h */,
				AA5DD80824731722008B5B38 /* TLYShyNavBarFade.h */,
				AA5DD80624731722008B5B38 /* TLYShyNavBarManager.h */,
				AA5DD80524731722008B5B38 /* TLYShyNavBarManager.m */,
				AA5DD80424731721008B5B38 /* Moviebase-Bridging-Header.h */,
			);
			path = CuatomNavBar;
			sourceTree = "<group>";
		};
		AA5DD80E24731B86008B5B38 /* Categories */ = {
			isa = PBXGroup;
			children = (
				AA5DD81024731B9C008B5B38 /* NSObject+TLYSwizzlingHelpers.h */,
				AA5DD81424731B9D008B5B38 /* NSObject+TLYSwizzlingHelpers.m */,
				AA5DD81324731B9D008B5B38 /* TLYDelegateProxy.h */,
				AA5DD81524731B9D008B5B38 /* TLYDelegateProxy.m */,
				AA5DD81124731B9C008B5B38 /* UIScrollView+Helpers.h */,
				AA5DD81624731B9D008B5B38 /* UIScrollView+Helpers.m */,
				AA5DD80F24731B9C008B5B38 /* UIViewController+BetterLayoutGuides.h */,
				AA5DD81224731B9C008B5B38 /* UIViewController+BetterLayoutGuides.m */,
			);
			path = Categories;
			sourceTree = "<group>";
		};
		AA5DD81B24731BB2008B5B38 /* ShyControllers */ = {
			isa = PBXGroup;
			children = (
				AA5DD81D24731BBF008B5B38 /* TLYShyChild.h */,
				AA5DD81C24731BBE008B5B38 /* TLYShyParent.h */,
				AA5DD81E24731BBF008B5B38 /* TLYShyScrollViewController.h */,
				AA5DD82324731BBF008B5B38 /* TLYShyScrollViewController.m */,
				AA5DD82124731BBF008B5B38 /* TLYShyStatusBarController.h */,
				AA5DD82024731BBF008B5B38 /* TLYShyStatusBarController.m */,
				AA5DD81F24731BBF008B5B38 /* TLYShyViewController.h */,
				AA5DD82224731BBF008B5B38 /* TLYShyViewController.m */,
			);
			path = ShyControllers;
			sourceTree = "<group>";
		};
		AA6C75FF2482BD120009AFFB /* People */ = {
			isa = PBXGroup;
			children = (
				AA6C76002482BD2C0009AFFB /* PopularPeople.swift */,
			);
			path = People;
			sourceTree = "<group>";
		};
		AA7E1B93247FC0FE00312381 /* PopularPeopleCell */ = {
			isa = PBXGroup;
			children = (
				AA7E1B94247FC2CF00312381 /* PopularPeopleCell.swift */,
				AA7E1B95247FC2CF00312381 /* PopularPeopleCell.xib */,
			);
			path = PopularPeopleCell;
			sourceTree = "<group>";
		};
		AA969F182468F0E200D63378 /* Data */ = {
			isa = PBXGroup;
			children = (
				AA969F1A2468F20400D63378 /* API */,
				AA969F192468F1ED00D63378 /* Models */,
			);
			path = Data;
			sourceTree = "<group>";
		};
		AA969F192468F1ED00D63378 /* Models */ = {
			isa = PBXGroup;
			children = (
				AA6C75FF2482BD120009AFFB /* People */,
				AACB13AF2475183B007C7944 /* Movies */,
				AACB13AC2475180D007C7944 /* TV-Shows */,
			);
			path = Models;
			sourceTree = "<group>";
		};
		AA969F1A2468F20400D63378 /* API */ = {
			isa = PBXGroup;
			children = (
				AAD258C6246E1FEC003C8AEA /* DataServices */,
				AAD258C5246E1FD8003C8AEA /* Endpoints */,
				AAD258BB246DEB59003C8AEA /* Endpoints.swift */,
				AAD258BE246DED6C003C8AEA /* ImageService.swift */,
			);
			path = API;
			sourceTree = "<group>";
		};
		AA969F1B2468F23F00D63378 /* Scenes */ = {
			isa = PBXGroup;
			children = (
				AA969F212468F72900D63378 /* Shared */,
				AA969F1D2468F67500D63378 /* Home */,
				AADEAADC2475D1FA003C77B0 /* Collections */,
				AA4B1265247E38B70012556C /* Movies-Details */,
			);
			path = Scenes;
			sourceTree = "<group>";
		};
		AA969F1C2468F24A00D63378 /* Supporting Files */ = {
			isa = PBXGroup;
			children = (
				AA5DD80324731383008B5B38 /* CuatomNavBar */,
				AA5227302468EBF000209793 /* Assets.xcassets */,
				AAD258BA246DE0F0003C8AEA /* Config */,
				AA5227352468EBF000209793 /* Info.plist */,
				AA969F2D2468FE3F00D63378 /* Constants.swift */,
			);
			path = "Supporting Files";
			sourceTree = "<group>";
		};
		AA969F1D2468F67500D63378 /* Home */ = {
			isa = PBXGroup;
			children = (
				AA969F202468F71500D63378 /* Controllers */,
				AA969F2F2469057D00D63378 /* Cells */,
			);
			path = Home;
			sourceTree = "<group>";
		};
		AA969F1E2468F6CD00D63378 /* Storyboard */ = {
			isa = PBXGroup;
			children = (
				AA52272D2468EBEE00209793 /* Main.storyboard */,
				AA5227322468EBF000209793 /* LaunchScreen.storyboard */,
			);
			path = Storyboard;
			sourceTree = "<group>";
		};
		AA969F1F2468F70200D63378 /* Core */ = {
			isa = PBXGroup;
			children = (
				AA5227272468EBEE00209793 /* AppDelegate.swift */,
				AA5227292468EBEE00209793 /* SceneDelegate.swift */,
			);
			path = Core;
			sourceTree = "<group>";
		};
		AA969F202468F71500D63378 /* Controllers */ = {
			isa = PBXGroup;
			children = (
				AA969F262468FB6900D63378 /* HomeVC.swift */,
				AACB93B0246A260400D32855 /* HomeVC + Collection.swift */,
			);
			path = Controllers;
			sourceTree = "<group>";
		};
		AA969F212468F72900D63378 /* Shared */ = {
			isa = PBXGroup;
			children = (
				AACB93AD246A1F8900D32855 /* Views */,
				AA969F222468F73300D63378 /* Controllers */,
			);
			path = Shared;
			sourceTree = "<group>";
		};
		AA969F222468F73300D63378 /* Controllers */ = {
			isa = PBXGroup;
			children = (
				AA52272B2468EBEE00209793 /* BaseVC.swift */,
				AA969F282468FBB400D63378 /* Menu */,
			);
			path = Controllers;
			sourceTree = "<group>";
		};
		AA969F282468FBB400D63378 /* Menu */ = {
			isa = PBXGroup;
			children = (
				AAC7BA74248D85DE000957E4 /* Cells */,
				AA969F292468FC1F00D63378 /* NavigationVC.swift */,
				AA969F232468F84B00D63378 /* SideMenuVC.swift */,
			);
			path = Menu;
			sourceTree = "<group>";
		};
		AA969F2F2469057D00D63378 /* Cells */ = {
			isa = PBXGroup;
			children = (
				AA969F362469070400D63378 /* SliderCell */,
				AA969F37246907B200D63378 /* GenreCell */,
			);
			path = Cells;
			sourceTree = "<group>";
		};
		AA969F362469070400D63378 /* SliderCell */ = {
			isa = PBXGroup;
			children = (
				AACB93A9246A1A1100D32855 /* SliderCell.swift */,
				AACB93AA246A1A1100D32855 /* SliderCell.xib */,
				AACB93B6246A679F00D32855 /* SliderImageCell */,
			);
			path = SliderCell;
			sourceTree = "<group>";
		};
		AA969F37246907B200D63378 /* GenreCell */ = {
			isa = PBXGroup;
			children = (
				AA51C0F22473C5F600DA5D99 /* GenreCell.swift */,
				AA51C0F32473C5F700DA5D99 /* GenreCell.xib */,
				AAB6B0B3246B2CDF0004B1FB /* GenreImageCell */,
				AA7E1B93247FC0FE00312381 /* PopularPeopleCell */,
				AAC7BA72248D4180000957E4 /* GenreCell+ Collection.swift */,
			);
			path = GenreCell;
			sourceTree = "<group>";
		};
		AAB6B0B3246B2CDF0004B1FB /* GenreImageCell */ = {
			isa = PBXGroup;
			children = (
				AAB6B0AF246B2CD10004B1FB /* GenreImageCell.swift */,
				AAB6B0B0246B2CD10004B1FB /* GenreImageCell.xib */,
			);
			path = GenreImageCell;
			sourceTree = "<group>";
		};
		AAC7BA74248D85DE000957E4 /* Cells */ = {
			isa = PBXGroup;
			children = (
				AAC7BA75248D8630000957E4 /* MenuTableViewCell.swift */,
				AAC7BA76248D8630000957E4 /* MenuTableViewCell.xib */,
			);
			path = Cells;
			sourceTree = "<group>";
		};
		AACB13AC2475180D007C7944 /* TV-Shows */ = {
			isa = PBXGroup;
			children = (
				AACB13AD24751826007C7944 /* Popular.swift */,
			);
			path = "TV-Shows";
			sourceTree = "<group>";
		};
		AACB13AF2475183B007C7944 /* Movies */ = {
			isa = PBXGroup;
			children = (
				AAC5435B246F711E00168302 /* Movies.swift */,
			);
			path = Movies;
			sourceTree = "<group>";
		};
		AACB93AD246A1F8900D32855 /* Views */ = {
			isa = PBXGroup;
			children = (
				AACB93AE246A1FAD00D32855 /* GradientView.swift */,
				AADEAADA2475CD07003C77B0 /* Navbar + GradientView.swift */,
			);
			path = Views;
			sourceTree = "<group>";
		};
		AACB93B6246A679F00D32855 /* SliderImageCell */ = {
			isa = PBXGroup;
			children = (
				AACB93B9246A689E00D32855 /* SliderImageCell.swift */,
				AACB93BA246A689E00D32855 /* SliderImageCell.xib */,
			);
			path = SliderImageCell;
			sourceTree = "<group>";
		};
		AAD258BA246DE0F0003C8AEA /* Config */ = {
			isa = PBXGroup;
			children = (
				AAC54359246F17A200168302 /* Helper.swift */,
			);
			path = Config;
			sourceTree = "<group>";
		};
		AAD258C5246E1FD8003C8AEA /* Endpoints */ = {
			isa = PBXGroup;
			children = (
			);
			path = Endpoints;
			sourceTree = "<group>";
		};
		AAD258C6246E1FEC003C8AEA /* DataServices */ = {
			isa = PBXGroup;
			children = (
				AAD258C7246E2016003C8AEA /* API.swift */,
			);
			path = DataServices;
			sourceTree = "<group>";
		};
		AADEAADC2475D1FA003C77B0 /* Collections */ = {
			isa = PBXGroup;
			children = (
				AADEAADF24764490003C77B0 /* Controllers */,
				AADEAAE02476449E003C77B0 /* Cells */,
			);
			path = Collections;
			sourceTree = "<group>";
		};
		AADEAADF24764490003C77B0 /* Controllers */ = {
			isa = PBXGroup;
			children = (
				AADEAADD2475D2C2003C77B0 /* CollectionsVC.swift */,
				AADE60C424770681008FD255 /* CollectionsVC + CollectionDelegates.swift */,
			);
			path = Controllers;
			sourceTree = "<group>";
		};
		AADEAAE02476449E003C77B0 /* Cells */ = {
			isa = PBXGroup;
			children = (
				AADEAAE2247644E4003C77B0 /* CollectionsCell.swift */,
				AADEAAE3247644E4003C77B0 /* CollectionsCell.xib */,
			);
			path = Cells;
			sourceTree = "<group>";
		};
		AAEEBF53247E83B700019BA6 /* Cells */ = {
			isa = PBXGroup;
			children = (
				AAEEBF5B247E867700019BA6 /* SliderDetailsCell.swift */,
				AAEEBF5C247E867700019BA6 /* SliderDetailsCell.xib */,
			);
			path = Cells;
			sourceTree = "<group>";
		};
		AAEEBF54247E83D300019BA6 /* Controllers */ = {
			isa = PBXGroup;
			children = (
				AA4B1266247E390F0012556C /* ContentDetailsVC.swift */,
				AAEEBF59247E85BD00019BA6 /* MoviesDetailsVC + SliderCollection.swift */,
			);
			path = Controllers;
			sourceTree = "<group>";
		};
/* End PBXGroup section */

/* Begin PBXNativeTarget section */
		AA5227232468EBEE00209793 /* Moviebase */ = {
			isa = PBXNativeTarget;
			buildConfigurationList = AA5227382468EBF000209793 /* Build configuration list for PBXNativeTarget "Moviebase" */;
			buildPhases = (
				DFCC54B118F76AEAA15A4F0C /* [CP] Check Pods Manifest.lock */,
				AA5227202468EBEE00209793 /* Sources */,
				AA5227212468EBEE00209793 /* Frameworks */,
				AA5227222468EBEE00209793 /* Resources */,
			);
			buildRules = (
			);
			dependencies = (
			);
			name = Moviebase;
			productName = Moviebase;
			productReference = AA5227242468EBEE00209793 /* Moviebase.app */;
			productType = "com.apple.product-type.application";
		};
/* End PBXNativeTarget section */

/* Begin PBXProject section */
		AA52271C2468EBEE00209793 /* Project object */ = {
			isa = PBXProject;
			attributes = {
				LastSwiftUpdateCheck = 1140;
				LastUpgradeCheck = 1140;
				ORGANIZATIONNAME = Eslam;
				TargetAttributes = {
					AA5227232468EBEE00209793 = {
						CreatedOnToolsVersion = 11.4.1;
						LastSwiftMigration = 1140;
					};
				};
			};
			buildConfigurationList = AA52271F2468EBEE00209793 /* Build configuration list for PBXProject "Moviebase" */;
			compatibilityVersion = "Xcode 9.3";
			developmentRegion = en;
			hasScannedForEncodings = 0;
			knownRegions = (
				en,
				Base,
			);
			mainGroup = AA52271B2468EBEE00209793;
			productRefGroup = AA5227252468EBEE00209793 /* Products */;
			projectDirPath = "";
			projectRoot = "";
			targets = (
				AA5227232468EBEE00209793 /* Moviebase */,
			);
		};
/* End PBXProject section */

/* Begin PBXResourcesBuildPhase section */
		AA5227222468EBEE00209793 /* Resources */ = {
			isa = PBXResourcesBuildPhase;
			buildActionMask = 2147483647;
			files = (
				AACB93BC246A689E00D32855 /* SliderImageCell.xib in Resources */,
				AADEAAE5247644E4003C77B0 /* CollectionsCell.xib in Resources */,
				AA7E1B97247FC2CF00312381 /* PopularPeopleCell.xib in Resources */,
				AA5227342468EBF000209793 /* LaunchScreen.storyboard in Resources */,
				AAB6B0B2246B2CD10004B1FB /* GenreImageCell.xib in Resources */,
				AA5227312468EBF000209793 /* Assets.xcassets in Resources */,
				AACB93AC246A1A1100D32855 /* SliderCell.xib in Resources */,
				AA52272F2468EBEE00209793 /* Main.storyboard in Resources */,
				AAC7BA78248D8630000957E4 /* MenuTableViewCell.xib in Resources */,
				AA51C0F52473C5F700DA5D99 /* GenreCell.xib in Resources */,
				AAEEBF5E247E867700019BA6 /* SliderDetailsCell.xib in Resources */,
			);
			runOnlyForDeploymentPostprocessing = 0;
		};
/* End PBXResourcesBuildPhase section */

/* Begin PBXShellScriptBuildPhase section */
		DFCC54B118F76AEAA15A4F0C /* [CP] Check Pods Manifest.lock */ = {
			isa = PBXShellScriptBuildPhase;
			buildActionMask = 2147483647;
			files = (
			);
			inputFileListPaths = (
			);
			inputPaths = (
				"${PODS_PODFILE_DIR_PATH}/Podfile.lock",
				"${PODS_ROOT}/Manifest.lock",
			);
			name = "[CP] Check Pods Manifest.lock";
			outputFileListPaths = (
			);
			outputPaths = (
				"$(DERIVED_FILE_DIR)/Pods-Moviebase-checkManifestLockResult.txt",
			);
			runOnlyForDeploymentPostprocessing = 0;
			shellPath = /bin/sh;
			shellScript = "diff \"${PODS_PODFILE_DIR_PATH}/Podfile.lock\" \"${PODS_ROOT}/Manifest.lock\" > /dev/null\nif [ $? != 0 ] ; then\n    # print error to STDERR\n    echo \"error: The sandbox is not in sync with the Podfile.lock. Run 'pod install' or update your CocoaPods installation.\" >&2\n    exit 1\nfi\n# This output is used by Xcode 'outputs' to avoid re-running this script phase.\necho \"SUCCESS\" > \"${SCRIPT_OUTPUT_FILE_0}\"\n";
			showEnvVarsInLog = 0;
		};
/* End PBXShellScriptBuildPhase section */

/* Begin PBXSourcesBuildPhase section */
		AA5227202468EBEE00209793 /* Sources */ = {
			isa = PBXSourcesBuildPhase;
			buildActionMask = 2147483647;
			files = (
				AA4B1267247E390F0012556C /* ContentDetailsVC.swift in Sources */,
				AA969F2A2468FC1F00D63378 /* NavigationVC.swift in Sources */,
				AAC5435C246F711E00168302 /* Movies.swift in Sources */,
				AAB6B0B1246B2CD10004B1FB /* GenreImageCell.swift in Sources */,
				AAD258C8246E2016003C8AEA /* API.swift in Sources */,
				AA5DD81724731B9D008B5B38 /* UIViewController+BetterLayoutGuides.m in Sources */,
				AACB93B1246A260400D32855 /* HomeVC + Collection.swift in Sources */,
				AA5DD80924731722008B5B38 /* TLYShyNavBarManager.m in Sources */,
				AAD258BC246DEB59003C8AEA /* Endpoints.swift in Sources */,
				AA52272C2468EBEE00209793 /* BaseVC.swift in Sources */,
				AADEAADB2475CD07003C77B0 /* Navbar + GradientView.swift in Sources */,
				AA5DD82624731BBF008B5B38 /* TLYShyScrollViewController.m in Sources */,
				AAC7BA77248D8630000957E4 /* MenuTableViewCell.swift in Sources */,
				AAC5435A246F17A200168302 /* Helper.swift in Sources */,
				AACB13AE24751826007C7944 /* Popular.swift in Sources */,
				AADE60C524770681008FD255 /* CollectionsVC + CollectionDelegates.swift in Sources */,
				AADEAAE4247644E4003C77B0 /* CollectionsCell.swift in Sources */,
				AA969F272468FB6900D63378 /* HomeVC.swift in Sources */,
				AAEEBF5A247E85BD00019BA6 /* MoviesDetailsVC + SliderCollection.swift in Sources */,
				AACB93AB246A1A1100D32855 /* SliderCell.swift in Sources */,
				AACB93BB246A689E00D32855 /* SliderImageCell.swift in Sources */,
				AA969F242468F84B00D63378 /* SideMenuVC.swift in Sources */,
				AAC7BA73248D4180000957E4 /* GenreCell+ Collection.swift in Sources */,
				AADEAADE2475D2C2003C77B0 /* CollectionsVC.swift in Sources */,
				AA5227282468EBEE00209793 /* AppDelegate.swift in Sources */,
				AA5DD81824731B9D008B5B38 /* NSObject+TLYSwizzlingHelpers.m in Sources */,
				AA52272A2468EBEE00209793 /* SceneDelegate.swift in Sources */,
				AA6C76012482BD2C0009AFFB /* PopularPeople.swift in Sources */,
				AA5DD82424731BBF008B5B38 /* TLYShyStatusBarController.m in Sources */,
				AAD258C0246DED6C003C8AEA /* ImageService.swift in Sources */,
				AA51C0F42473C5F700DA5D99 /* GenreCell.swift in Sources */,
				AA5DD82524731BBF008B5B38 /* TLYShyViewController.m in Sources */,
				AACB93AF246A1FAD00D32855 /* GradientView.swift in Sources */,
				AA969F2E2468FE3F00D63378 /* Constants.swift in Sources */,
				AA5DD81924731B9D008B5B38 /* TLYDelegateProxy.m in Sources */,
				AA5DD81A24731B9D008B5B38 /* UIScrollView+Helpers.m in Sources */,
				AA7E1B96247FC2CF00312381 /* PopularPeopleCell.swift in Sources */,
				AAEEBF5D247E867700019BA6 /* SliderDetailsCell.swift in Sources */,
			);
			runOnlyForDeploymentPostprocessing = 0;
		};
/* End PBXSourcesBuildPhase section */

/* Begin PBXVariantGroup section */
		AA52272D2468EBEE00209793 /* Main.storyboard */ = {
			isa = PBXVariantGroup;
			children = (
				AA52272E2468EBEE00209793 /* Base */,
			);
			name = Main.storyboard;
			sourceTree = "<group>";
		};
		AA5227322468EBF000209793 /* LaunchScreen.storyboard */ = {
			isa = PBXVariantGroup;
			children = (
				AA5227332468EBF000209793 /* Base */,
			);
			name = LaunchScreen.storyboard;
			sourceTree = "<group>";
		};
/* End PBXVariantGroup section */

/* Begin XCBuildConfiguration section */
		AA5227362468EBF000209793 /* Debug */ = {
			isa = XCBuildConfiguration;
			buildSettings = {
				ALWAYS_SEARCH_USER_PATHS = NO;
				CLANG_ANALYZER_NONNULL = YES;
				CLANG_ANALYZER_NUMBER_OBJECT_CONVERSION = YES_AGGRESSIVE;
				CLANG_CXX_LANGUAGE_STANDARD = "gnu++14";
				CLANG_CXX_LIBRARY = "libc++";
				CLANG_ENABLE_MODULES = YES;
				CLANG_ENABLE_OBJC_ARC = YES;
				CLANG_ENABLE_OBJC_WEAK = YES;
				CLANG_WARN_BLOCK_CAPTURE_AUTORELEASING = YES;
				CLANG_WARN_BOOL_CONVERSION = YES;
				CLANG_WARN_COMMA = YES;
				CLANG_WARN_CONSTANT_CONVERSION = YES;
				CLANG_WARN_DEPRECATED_OBJC_IMPLEMENTATIONS = YES;
				CLANG_WARN_DIRECT_OBJC_ISA_USAGE = YES_ERROR;
				CLANG_WARN_DOCUMENTATION_COMMENTS = YES;
				CLANG_WARN_EMPTY_BODY = YES;
				CLANG_WARN_ENUM_CONVERSION = YES;
				CLANG_WARN_INFINITE_RECURSION = YES;
				CLANG_WARN_INT_CONVERSION = YES;
				CLANG_WARN_NON_LITERAL_NULL_CONVERSION = YES;
				CLANG_WARN_OBJC_IMPLICIT_RETAIN_SELF = YES;
				CLANG_WARN_OBJC_LITERAL_CONVERSION = YES;
				CLANG_WARN_OBJC_ROOT_CLASS = YES_ERROR;
				CLANG_WARN_RANGE_LOOP_ANALYSIS = YES;
				CLANG_WARN_STRICT_PROTOTYPES = YES;
				CLANG_WARN_SUSPICIOUS_MOVE = YES;
				CLANG_WARN_UNGUARDED_AVAILABILITY = YES_AGGRESSIVE;
				CLANG_WARN_UNREACHABLE_CODE = YES;
				CLANG_WARN__DUPLICATE_METHOD_MATCH = YES;
				COPY_PHASE_STRIP = NO;
				DEBUG_INFORMATION_FORMAT = dwarf;
				ENABLE_STRICT_OBJC_MSGSEND = YES;
				ENABLE_TESTABILITY = YES;
				GCC_C_LANGUAGE_STANDARD = gnu11;
				GCC_DYNAMIC_NO_PIC = NO;
				GCC_NO_COMMON_BLOCKS = YES;
				GCC_OPTIMIZATION_LEVEL = 0;
				GCC_PREPROCESSOR_DEFINITIONS = (
					"DEBUG=1",
					"$(inherited)",
				);
				GCC_WARN_64_TO_32_BIT_CONVERSION = YES;
				GCC_WARN_ABOUT_RETURN_TYPE = YES_ERROR;
				GCC_WARN_UNDECLARED_SELECTOR = YES;
				GCC_WARN_UNINITIALIZED_AUTOS = YES_AGGRESSIVE;
				GCC_WARN_UNUSED_FUNCTION = YES;
				GCC_WARN_UNUSED_VARIABLE = YES;
				IPHONEOS_DEPLOYMENT_TARGET = 13.4;
				MTL_ENABLE_DEBUG_INFO = INCLUDE_SOURCE;
				MTL_FAST_MATH = YES;
				ONLY_ACTIVE_ARCH = YES;
				SDKROOT = iphoneos;
				SWIFT_ACTIVE_COMPILATION_CONDITIONS = DEBUG;
				SWIFT_OPTIMIZATION_LEVEL = "-Onone";
			};
			name = Debug;
		};
		AA5227372468EBF000209793 /* Release */ = {
			isa = XCBuildConfiguration;
			buildSettings = {
				ALWAYS_SEARCH_USER_PATHS = NO;
				CLANG_ANALYZER_NONNULL = YES;
				CLANG_ANALYZER_NUMBER_OBJECT_CONVERSION = YES_AGGRESSIVE;
				CLANG_CXX_LANGUAGE_STANDARD = "gnu++14";
				CLANG_CXX_LIBRARY = "libc++";
				CLANG_ENABLE_MODULES = YES;
				CLANG_ENABLE_OBJC_ARC = YES;
				CLANG_ENABLE_OBJC_WEAK = YES;
				CLANG_WARN_BLOCK_CAPTURE_AUTORELEASING = YES;
				CLANG_WARN_BOOL_CONVERSION = YES;
				CLANG_WARN_COMMA = YES;
				CLANG_WARN_CONSTANT_CONVERSION = YES;
				CLANG_WARN_DEPRECATED_OBJC_IMPLEMENTATIONS = YES;
				CLANG_WARN_DIRECT_OBJC_ISA_USAGE = YES_ERROR;
				CLANG_WARN_DOCUMENTATION_COMMENTS = YES;
				CLANG_WARN_EMPTY_BODY = YES;
				CLANG_WARN_ENUM_CONVERSION = YES;
				CLANG_WARN_INFINITE_RECURSION = YES;
				CLANG_WARN_INT_CONVERSION = YES;
				CLANG_WARN_NON_LITERAL_NULL_CONVERSION = YES;
				CLANG_WARN_OBJC_IMPLICIT_RETAIN_SELF = YES;
				CLANG_WARN_OBJC_LITERAL_CONVERSION = YES;
				CLANG_WARN_OBJC_ROOT_CLASS = YES_ERROR;
				CLANG_WARN_RANGE_LOOP_ANALYSIS = YES;
				CLANG_WARN_STRICT_PROTOTYPES = YES;
				CLANG_WARN_SUSPICIOUS_MOVE = YES;
				CLANG_WARN_UNGUARDED_AVAILABILITY = YES_AGGRESSIVE;
				CLANG_WARN_UNREACHABLE_CODE = YES;
				CLANG_WARN__DUPLICATE_METHOD_MATCH = YES;
				COPY_PHASE_STRIP = NO;
				DEBUG_INFORMATION_FORMAT = "dwarf-with-dsym";
				ENABLE_NS_ASSERTIONS = NO;
				ENABLE_STRICT_OBJC_MSGSEND = YES;
				GCC_C_LANGUAGE_STANDARD = gnu11;
				GCC_NO_COMMON_BLOCKS = YES;
				GCC_WARN_64_TO_32_BIT_CONVERSION = YES;
				GCC_WARN_ABOUT_RETURN_TYPE = YES_ERROR;
				GCC_WARN_UNDECLARED_SELECTOR = YES;
				GCC_WARN_UNINITIALIZED_AUTOS = YES_AGGRESSIVE;
				GCC_WARN_UNUSED_FUNCTION = YES;
				GCC_WARN_UNUSED_VARIABLE = YES;
				IPHONEOS_DEPLOYMENT_TARGET = 13.4;
				MTL_ENABLE_DEBUG_INFO = NO;
				MTL_FAST_MATH = YES;
				SDKROOT = iphoneos;
				SWIFT_COMPILATION_MODE = wholemodule;
				SWIFT_OPTIMIZATION_LEVEL = "-O";
				VALIDATE_PRODUCT = YES;
			};
			name = Release;
		};
		AA5227392468EBF000209793 /* Debug */ = {
			isa = XCBuildConfiguration;
			baseConfigurationReference = 5EC699D4587A569EA64AF286 /* Pods-Moviebase.debug.xcconfig */;
			buildSettings = {
				ASSETCATALOG_COMPILER_APPICON_NAME = AppIcon;
				CLANG_ENABLE_MODULES = YES;
				CODE_SIGN_STYLE = Automatic;
				DEVELOPMENT_TEAM = 874WHJ22Z3;
				INFOPLIST_FILE = "$(SRCROOT)/Moviebase/Supporting Files/Info.plist";
				IPHONEOS_DEPLOYMENT_TARGET = 13.0;
				LD_RUNPATH_SEARCH_PATHS = (
					"$(inherited)",
					"@executable_path/Frameworks",
				);
				PRODUCT_BUNDLE_IDENTIFIER = ioslam.com.Moviebase;
				PRODUCT_NAME = "$(TARGET_NAME)";
				SWIFT_OBJC_BRIDGING_HEADER = "Moviebase/Supporting Files/CuatomNavBar/Moviebase-Bridging-Header.h";
				SWIFT_OPTIMIZATION_LEVEL = "-Onone";
				SWIFT_VERSION = 5.0;
				TARGETED_DEVICE_FAMILY = 1;
			};
			name = Debug;
		};
		AA52273A2468EBF000209793 /* Release */ = {
			isa = XCBuildConfiguration;
			baseConfigurationReference = 048E3C81E490E4E5D358E9E3 /* Pods-Moviebase.release.xcconfig */;
			buildSettings = {
				ASSETCATALOG_COMPILER_APPICON_NAME = AppIcon;
				CLANG_ENABLE_MODULES = YES;
				CODE_SIGN_STYLE = Automatic;
				DEVELOPMENT_TEAM = 874WHJ22Z3;
				INFOPLIST_FILE = "$(SRCROOT)/Moviebase/Supporting Files/Info.plist";
				IPHONEOS_DEPLOYMENT_TARGET = 13.0;
				LD_RUNPATH_SEARCH_PATHS = (
					"$(inherited)",
					"@executable_path/Frameworks",
				);
				PRODUCT_BUNDLE_IDENTIFIER = ioslam.com.Moviebase;
				PRODUCT_NAME = "$(TARGET_NAME)";
				SWIFT_OBJC_BRIDGING_HEADER = "Moviebase/Supporting Files/CuatomNavBar/Moviebase-Bridging-Header.h";
				SWIFT_VERSION = 5.0;
				TARGETED_DEVICE_FAMILY = 1;
			};
			name = Release;
		};
/* End XCBuildConfiguration section */

/* Begin XCConfigurationList section */
		AA52271F2468EBEE00209793 /* Build configuration list for PBXProject "Moviebase" */ = {
			isa = XCConfigurationList;
			buildConfigurations = (
				AA5227362468EBF000209793 /* Debug */,
				AA5227372468EBF000209793 /* Release */,
			);
			defaultConfigurationIsVisible = 0;
			defaultConfigurationName = Release;
		};
		AA5227382468EBF000209793 /* Build configuration list for PBXNativeTarget "Moviebase" */ = {
			isa = XCConfigurationList;
			buildConfigurations = (
				AA5227392468EBF000209793 /* Debug */,
				AA52273A2468EBF000209793 /* Release */,
			);
			defaultConfigurationIsVisible = 0;
			defaultConfigurationName = Release;
		};
/* End XCConfigurationList section */
	};
	rootObject = AA52271C2468EBEE00209793 /* Project object */;
}
