// !$*UTF8*$!
{
	archiveVersion = 1;
	classes = {
	};
	objectVersion = 51;
	objects = {

/* Begin PBXBuildFile section */
		37E8C1F089C05FBA7B2234D8 /* Pods_Moviebase.framework in Frameworks */ = {isa = PBXBuildFile; fileRef = 04714963EE82CCDFE7F63258 /* Pods_Moviebase.framework */; };
		AA5227282468EBEE00209793 /* AppDelegate.swift in Sources */ = {isa = PBXBuildFile; fileRef = AA5227272468EBEE00209793 /* AppDelegate.swift */; };
		AA52272A2468EBEE00209793 /* SceneDelegate.swift in Sources */ = {isa = PBXBuildFile; fileRef = AA5227292468EBEE00209793 /* SceneDelegate.swift */; };
		AA52272C2468EBEE00209793 /* BaseVC.swift in Sources */ = {isa = PBXBuildFile; fileRef = AA52272B2468EBEE00209793 /* BaseVC.swift */; };
		AA52272F2468EBEE00209793 /* Main.storyboard in Resources */ = {isa = PBXBuildFile; fileRef = AA52272D2468EBEE00209793 /* Main.storyboard */; };
		AA5227312468EBF000209793 /* Assets.xcassets in Resources */ = {isa = PBXBuildFile; fileRef = AA5227302468EBF000209793 /* Assets.xcassets */; };
		AA5227342468EBF000209793 /* LaunchScreen.storyboard in Resources */ = {isa = PBXBuildFile; fileRef = AA5227322468EBF000209793 /* LaunchScreen.storyboard */; };
		AA969F242468F84B00D63378 /* SideMenuVC.swift in Sources */ = {isa = PBXBuildFile; fileRef = AA969F232468F84B00D63378 /* SideMenuVC.swift */; };
		AA969F272468FB6900D63378 /* HomeVC.swift in Sources */ = {isa = PBXBuildFile; fileRef = AA969F262468FB6900D63378 /* HomeVC.swift */; };
		AA969F2A2468FC1F00D63378 /* NavigationVC.swift in Sources */ = {isa = PBXBuildFile; fileRef = AA969F292468FC1F00D63378 /* NavigationVC.swift */; };
		AA969F2C2468FE2900D63378 /* Helper.swift in Sources */ = {isa = PBXBuildFile; fileRef = AA969F2B2468FE2900D63378 /* Helper.swift */; };
		AA969F2E2468FE3F00D63378 /* Constants.swift in Sources */ = {isa = PBXBuildFile; fileRef = AA969F2D2468FE3F00D63378 /* Constants.swift */; };
		AACB93AB246A1A1100D32855 /* SliderCell.swift in Sources */ = {isa = PBXBuildFile; fileRef = AACB93A9246A1A1100D32855 /* SliderCell.swift */; };
		AACB93AC246A1A1100D32855 /* SliderCell.xib in Resources */ = {isa = PBXBuildFile; fileRef = AACB93AA246A1A1100D32855 /* SliderCell.xib */; };
		AACB93AF246A1FAD00D32855 /* GradientView.swift in Sources */ = {isa = PBXBuildFile; fileRef = AACB93AE246A1FAD00D32855 /* GradientView.swift */; };
		AACB93B1246A260400D32855 /* HomeVC + SliderCollection.swift in Sources */ = {isa = PBXBuildFile; fileRef = AACB93B0246A260400D32855 /* HomeVC + SliderCollection.swift */; };
		AACB93B4246A5D4000D32855 /* GenreCell.swift in Sources */ = {isa = PBXBuildFile; fileRef = AACB93B2246A5D4000D32855 /* GenreCell.swift */; };
		AACB93B5246A5D4000D32855 /* GenreCell.xib in Resources */ = {isa = PBXBuildFile; fileRef = AACB93B3246A5D4000D32855 /* GenreCell.xib */; };
		AACB93BB246A689E00D32855 /* SliderImageCell.swift in Sources */ = {isa = PBXBuildFile; fileRef = AACB93B9246A689E00D32855 /* SliderImageCell.swift */; };
		AACB93BC246A689E00D32855 /* SliderImageCell.xib in Resources */ = {isa = PBXBuildFile; fileRef = AACB93BA246A689E00D32855 /* SliderImageCell.xib */; };
/* End PBXBuildFile section */

/* Begin PBXFileReference section */
		04714963EE82CCDFE7F63258 /* Pods_Moviebase.framework */ = {isa = PBXFileReference; explicitFileType = wrapper.framework; includeInIndex = 0; path = Pods_Moviebase.framework; sourceTree = BUILT_PRODUCTS_DIR; };
		048E3C81E490E4E5D358E9E3 /* Pods-Moviebase.release.xcconfig */ = {isa = PBXFileReference; includeInIndex = 1; lastKnownFileType = text.xcconfig; name = "Pods-Moviebase.release.xcconfig"; path = "Target Support Files/Pods-Moviebase/Pods-Moviebase.release.xcconfig"; sourceTree = "<group>"; };
		5EC699D4587A569EA64AF286 /* Pods-Moviebase.debug.xcconfig */ = {isa = PBXFileReference; includeInIndex = 1; lastKnownFileType = text.xcconfig; name = "Pods-Moviebase.debug.xcconfig"; path = "Target Support Files/Pods-Moviebase/Pods-Moviebase.debug.xcconfig"; sourceTree = "<group>"; };
		AA5227242468EBEE00209793 /* Moviebase.app */ = {isa = PBXFileReference; explicitFileType = wrapper.application; includeInIndex = 0; path = Moviebase.app; sourceTree = BUILT_PRODUCTS_DIR; };
		AA5227272468EBEE00209793 /* AppDelegate.swift */ = {isa = PBXFileReference; lastKnownFileType = sourcecode.swift; path = AppDelegate.swift; sourceTree = "<group>"; };
		AA5227292468EBEE00209793 /* SceneDelegate.swift */ = {isa = PBXFileReference; lastKnownFileType = sourcecode.swift; path = SceneDelegate.swift; sourceTree = "<group>"; };
		AA52272B2468EBEE00209793 /* BaseVC.swift */ = {isa = PBXFileReference; lastKnownFileType = sourcecode.swift; path = BaseVC.swift; sourceTree = "<group>"; };
		AA52272E2468EBEE00209793 /* Base */ = {isa = PBXFileReference; lastKnownFileType = file.storyboard; name = Base; path = Base.lproj/Main.storyboard; sourceTree = "<group>"; };
		AA5227302468EBF000209793 /* Assets.xcassets */ = {isa = PBXFileReference; lastKnownFileType = folder.assetcatalog; path = Assets.xcassets; sourceTree = "<group>"; };
		AA5227332468EBF000209793 /* Base */ = {isa = PBXFileReference; lastKnownFileType = file.storyboard; name = Base; path = Base.lproj/LaunchScreen.storyboard; sourceTree = "<group>"; };
		AA5227352468EBF000209793 /* Info.plist */ = {isa = PBXFileReference; lastKnownFileType = text.plist.xml; path = Info.plist; sourceTree = "<group>"; };
		AA969F232468F84B00D63378 /* SideMenuVC.swift */ = {isa = PBXFileReference; lastKnownFileType = sourcecode.swift; path = SideMenuVC.swift; sourceTree = "<group>"; };
		AA969F262468FB6900D63378 /* HomeVC.swift */ = {isa = PBXFileReference; lastKnownFileType = sourcecode.swift; path = HomeVC.swift; sourceTree = "<group>"; };
		AA969F292468FC1F00D63378 /* NavigationVC.swift */ = {isa = PBXFileReference; lastKnownFileType = sourcecode.swift; path = NavigationVC.swift; sourceTree = "<group>"; };
		AA969F2B2468FE2900D63378 /* Helper.swift */ = {isa = PBXFileReference; lastKnownFileType = sourcecode.swift; path = Helper.swift; sourceTree = "<group>"; };
		AA969F2D2468FE3F00D63378 /* Constants.swift */ = {isa = PBXFileReference; lastKnownFileType = sourcecode.swift; path = Constants.swift; sourceTree = "<group>"; };
		AACB93A9246A1A1100D32855 /* SliderCell.swift */ = {isa = PBXFileReference; lastKnownFileType = sourcecode.swift; path = SliderCell.swift; sourceTree = "<group>"; };
		AACB93AA246A1A1100D32855 /* SliderCell.xib */ = {isa = PBXFileReference; lastKnownFileType = file.xib; path = SliderCell.xib; sourceTree = "<group>"; };
		AACB93AE246A1FAD00D32855 /* GradientView.swift */ = {isa = PBXFileReference; lastKnownFileType = sourcecode.swift; path = GradientView.swift; sourceTree = "<group>"; };
		AACB93B0246A260400D32855 /* HomeVC + SliderCollection.swift */ = {isa = PBXFileReference; lastKnownFileType = sourcecode.swift; path = "HomeVC + SliderCollection.swift"; sourceTree = "<group>"; };
		AACB93B2246A5D4000D32855 /* GenreCell.swift */ = {isa = PBXFileReference; lastKnownFileType = sourcecode.swift; path = GenreCell.swift; sourceTree = "<group>"; };
		AACB93B3246A5D4000D32855 /* GenreCell.xib */ = {isa = PBXFileReference; lastKnownFileType = file.xib; path = GenreCell.xib; sourceTree = "<group>"; };
		AACB93B9246A689E00D32855 /* SliderImageCell.swift */ = {isa = PBXFileReference; lastKnownFileType = sourcecode.swift; path = SliderImageCell.swift; sourceTree = "<group>"; };
		AACB93BA246A689E00D32855 /* SliderImageCell.xib */ = {isa = PBXFileReference; lastKnownFileType = file.xib; path = SliderImageCell.xib; sourceTree = "<group>"; };
/* End PBXFileReference section */

/* Begin PBXFrameworksBuildPhase section */
		AA5227212468EBEE00209793 /* Frameworks */ = {
			isa = PBXFrameworksBuildPhase;
			buildActionMask = 2147483647;
			files = (
				37E8C1F089C05FBA7B2234D8 /* Pods_Moviebase.framework in Frameworks */,
			);
			runOnlyForDeploymentPostprocessing = 0;
		};
/* End PBXFrameworksBuildPhase section */

/* Begin PBXGroup section */
		3439F8BF353B621958DF00BB /* Frameworks */ = {
			isa = PBXGroup;
			children = (
				04714963EE82CCDFE7F63258 /* Pods_Moviebase.framework */,
			);
			name = Frameworks;
			sourceTree = "<group>";
		};
		6ABB355E9467FC6FE9500E8A /* Pods */ = {
			isa = PBXGroup;
			children = (
				5EC699D4587A569EA64AF286 /* Pods-Moviebase.debug.xcconfig */,
				048E3C81E490E4E5D358E9E3 /* Pods-Moviebase.release.xcconfig */,
			);
			path = Pods;
			sourceTree = "<group>";
		};
		AA52271B2468EBEE00209793 = {
			isa = PBXGroup;
			children = (
				AA5227262468EBEE00209793 /* Moviebase */,
				AA5227252468EBEE00209793 /* Products */,
				6ABB355E9467FC6FE9500E8A /* Pods */,
				3439F8BF353B621958DF00BB /* Frameworks */,
			);
			sourceTree = "<group>";
		};
		AA5227252468EBEE00209793 /* Products */ = {
			isa = PBXGroup;
			children = (
				AA5227242468EBEE00209793 /* Moviebase.app */,
			);
			name = Products;
			sourceTree = "<group>";
		};
		AA5227262468EBEE00209793 /* Moviebase */ = {
			isa = PBXGroup;
			children = (
				AA969F1F2468F70200D63378 /* Core */,
				AA969F182468F0E200D63378 /* Data */,
				AA969F1B2468F23F00D63378 /* Scenes */,
				AA969F1E2468F6CD00D63378 /* Views */,
				AA969F1C2468F24A00D63378 /* Supporting Files */,
			);
			path = Moviebase;
			sourceTree = "<group>";
		};
		AA969F182468F0E200D63378 /* Data */ = {
			isa = PBXGroup;
			children = (
				AA969F1A2468F20400D63378 /* API */,
				AA969F192468F1ED00D63378 /* Models */,
			);
			path = Data;
			sourceTree = "<group>";
		};
		AA969F192468F1ED00D63378 /* Models */ = {
			isa = PBXGroup;
			children = (
			);
			path = Models;
			sourceTree = "<group>";
		};
		AA969F1A2468F20400D63378 /* API */ = {
			isa = PBXGroup;
			children = (
			);
			path = API;
			sourceTree = "<group>";
		};
		AA969F1B2468F23F00D63378 /* Scenes */ = {
			isa = PBXGroup;
			children = (
				AA969F212468F72900D63378 /* Shared */,
				AA969F1D2468F67500D63378 /* Home */,
			);
			path = Scenes;
			sourceTree = "<group>";
		};
		AA969F1C2468F24A00D63378 /* Supporting Files */ = {
			isa = PBXGroup;
			children = (
				AA5227302468EBF000209793 /* Assets.xcassets */,
				AA5227352468EBF000209793 /* Info.plist */,
				AA969F2B2468FE2900D63378 /* Helper.swift */,
				AA969F2D2468FE3F00D63378 /* Constants.swift */,
			);
			path = "Supporting Files";
			sourceTree = "<group>";
		};
		AA969F1D2468F67500D63378 /* Home */ = {
			isa = PBXGroup;
			children = (
				AA969F202468F71500D63378 /* Controllers */,
				AA969F2F2469057D00D63378 /* Cells */,
			);
			path = Home;
			sourceTree = "<group>";
		};
		AA969F1E2468F6CD00D63378 /* Views */ = {
			isa = PBXGroup;
			children = (
				AA52272D2468EBEE00209793 /* Main.storyboard */,
				AA5227322468EBF000209793 /* LaunchScreen.storyboard */,
			);
			path = Views;
			sourceTree = "<group>";
		};
		AA969F1F2468F70200D63378 /* Core */ = {
			isa = PBXGroup;
			children = (
				AA5227272468EBEE00209793 /* AppDelegate.swift */,
				AA5227292468EBEE00209793 /* SceneDelegate.swift */,
			);
			path = Core;
			sourceTree = "<group>";
		};
		AA969F202468F71500D63378 /* Controllers */ = {
			isa = PBXGroup;
			children = (
				AA969F262468FB6900D63378 /* HomeVC.swift */,
				AACB93B0246A260400D32855 /* HomeVC + SliderCollection.swift */,
			);
			path = Controllers;
			sourceTree = "<group>";
		};
		AA969F212468F72900D63378 /* Shared */ = {
			isa = PBXGroup;
			children = (
				AACB93AD246A1F8900D32855 /* Views */,
				AA969F222468F73300D63378 /* Controllers */,
			);
			path = Shared;
			sourceTree = "<group>";
		};
		AA969F222468F73300D63378 /* Controllers */ = {
			isa = PBXGroup;
			children = (
				AA52272B2468EBEE00209793 /* BaseVC.swift */,
				AA969F282468FBB400D63378 /* Menu */,
			);
			path = Controllers;
			sourceTree = "<group>";
		};
		AA969F282468FBB400D63378 /* Menu */ = {
			isa = PBXGroup;
			children = (
				AA969F292468FC1F00D63378 /* NavigationVC.swift */,
				AA969F232468F84B00D63378 /* SideMenuVC.swift */,
			);
			path = Menu;
			sourceTree = "<group>";
		};
		AA969F2F2469057D00D63378 /* Cells */ = {
			isa = PBXGroup;
			children = (
				AA969F362469070400D63378 /* SliderCell */,
				AA969F37246907B200D63378 /* GenreCell */,
			);
			path = Cells;
			sourceTree = "<group>";
		};
		AA969F362469070400D63378 /* SliderCell */ = {
			isa = PBXGroup;
			children = (
				AACB93B6246A679F00D32855 /* SliderImageCell */,
				AACB93A9246A1A1100D32855 /* SliderCell.swift */,
				AACB93AA246A1A1100D32855 /* SliderCell.xib */,
			);
			path = SliderCell;
			sourceTree = "<group>";
		};
		AA969F37246907B200D63378 /* GenreCell */ = {
			isa = PBXGroup;
			children = (
				AACB93B2246A5D4000D32855 /* GenreCell.swift */,
				AACB93B3246A5D4000D32855 /* GenreCell.xib */,
			);
			path = GenreCell;
			sourceTree = "<group>";
		};
		AACB93AD246A1F8900D32855 /* Views */ = {
			isa = PBXGroup;
			children = (
				AACB93AE246A1FAD00D32855 /* GradientView.swift */,
			);
			path = Views;
			sourceTree = "<group>";
		};
		AACB93B6246A679F00D32855 /* SliderImageCell */ = {
			isa = PBXGroup;
			children = (
				AACB93B9246A689E00D32855 /* SliderImageCell.swift */,
				AACB93BA246A689E00D32855 /* SliderImageCell.xib */,
			);
			path = SliderImageCell;
			sourceTree = "<group>";
		};
/* End PBXGroup section */

/* Begin PBXNativeTarget section */
		AA5227232468EBEE00209793 /* Moviebase */ = {
			isa = PBXNativeTarget;
			buildConfigurationList = AA5227382468EBF000209793 /* Build configuration list for PBXNativeTarget "Moviebase" */;
			buildPhases = (
				DFCC54B118F76AEAA15A4F0C /* [CP] Check Pods Manifest.lock */,
				AA5227202468EBEE00209793 /* Sources */,
				AA5227212468EBEE00209793 /* Frameworks */,
				AA5227222468EBEE00209793 /* Resources */,
				7D335675AC3EA31AA4EC7C5F /* [CP] Embed Pods Frameworks */,
			);
			buildRules = (
			);
			dependencies = (
			);
			name = Moviebase;
			productName = Moviebase;
			productReference = AA5227242468EBEE00209793 /* Moviebase.app */;
			productType = "com.apple.product-type.application";
		};
/* End PBXNativeTarget section */

/* Begin PBXProject section */
		AA52271C2468EBEE00209793 /* Project object */ = {
			isa = PBXProject;
			attributes = {
				LastSwiftUpdateCheck = 1140;
				LastUpgradeCheck = 1140;
				ORGANIZATIONNAME = Eslam;
				TargetAttributes = {
					AA5227232468EBEE00209793 = {
						CreatedOnToolsVersion = 11.4.1;
					};
				};
			};
			buildConfigurationList = AA52271F2468EBEE00209793 /* Build configuration list for PBXProject "Moviebase" */;
			compatibilityVersion = "Xcode 9.3";
			developmentRegion = en;
			hasScannedForEncodings = 0;
			knownRegions = (
				en,
				Base,
			);
			mainGroup = AA52271B2468EBEE00209793;
			productRefGroup = AA5227252468EBEE00209793 /* Products */;
			projectDirPath = "";
			projectRoot = "";
			targets = (
				AA5227232468EBEE00209793 /* Moviebase */,
			);
		};
/* End PBXProject section */

/* Begin PBXResourcesBuildPhase section */
		AA5227222468EBEE00209793 /* Resources */ = {
			isa = PBXResourcesBuildPhase;
			buildActionMask = 2147483647;
			files = (
				AACB93BC246A689E00D32855 /* SliderImageCell.xib in Resources */,
				AA5227342468EBF000209793 /* LaunchScreen.storyboard in Resources */,
				AA5227312468EBF000209793 /* Assets.xcassets in Resources */,
				AACB93AC246A1A1100D32855 /* SliderCell.xib in Resources */,
				AA52272F2468EBEE00209793 /* Main.storyboard in Resources */,
				AACB93B5246A5D4000D32855 /* GenreCell.xib in Resources */,
			);
			runOnlyForDeploymentPostprocessing = 0;
		};
/* End PBXResourcesBuildPhase section */

/* Begin PBXShellScriptBuildPhase section */
		7D335675AC3EA31AA4EC7C5F /* [CP] Embed Pods Frameworks */ = {
			isa = PBXShellScriptBuildPhase;
			buildActionMask = 2147483647;
			files = (
			);
			inputFileListPaths = (
				"${PODS_ROOT}/Target Support Files/Pods-Moviebase/Pods-Moviebase-frameworks-${CONFIGURATION}-input-files.xcfilelist",
			);
			name = "[CP] Embed Pods Frameworks";
			outputFileListPaths = (
				"${PODS_ROOT}/Target Support Files/Pods-Moviebase/Pods-Moviebase-frameworks-${CONFIGURATION}-output-files.xcfilelist",
			);
			runOnlyForDeploymentPostprocessing = 0;
			shellPath = /bin/sh;
			shellScript = "\"${PODS_ROOT}/Target Support Files/Pods-Moviebase/Pods-Moviebase-frameworks.sh\"\n";
			showEnvVarsInLog = 0;
		};
		DFCC54B118F76AEAA15A4F0C /* [CP] Check Pods Manifest.lock */ = {
			isa = PBXShellScriptBuildPhase;
			buildActionMask = 2147483647;
			files = (
			);
			inputFileListPaths = (
			);
			inputPaths = (
				"${PODS_PODFILE_DIR_PATH}/Podfile.lock",
				"${PODS_ROOT}/Manifest.lock",
			);
			name = "[CP] Check Pods Manifest.lock";
			outputFileListPaths = (
			);
			outputPaths = (
				"$(DERIVED_FILE_DIR)/Pods-Moviebase-checkManifestLockResult.txt",
			);
			runOnlyForDeploymentPostprocessing = 0;
			shellPath = /bin/sh;
			shellScript = "diff \"${PODS_PODFILE_DIR_PATH}/Podfile.lock\" \"${PODS_ROOT}/Manifest.lock\" > /dev/null\nif [ $? != 0 ] ; then\n    # print error to STDERR\n    echo \"error: The sandbox is not in sync with the Podfile.lock. Run 'pod install' or update your CocoaPods installation.\" >&2\n    exit 1\nfi\n# This output is used by Xcode 'outputs' to avoid re-running this script phase.\necho \"SUCCESS\" > \"${SCRIPT_OUTPUT_FILE_0}\"\n";
			showEnvVarsInLog = 0;
		};
/* End PBXShellScriptBuildPhase section */

/* Begin PBXSourcesBuildPhase section */
		AA5227202468EBEE00209793 /* Sources */ = {
			isa = PBXSourcesBuildPhase;
			buildActionMask = 2147483647;
			files = (
				AA969F2A2468FC1F00D63378 /* NavigationVC.swift in Sources */,
				AA969F2C2468FE2900D63378 /* Helper.swift in Sources */,
				AACB93B1246A260400D32855 /* HomeVC + SliderCollection.swift in Sources */,
				AA52272C2468EBEE00209793 /* BaseVC.swift in Sources */,
				AA969F272468FB6900D63378 /* HomeVC.swift in Sources */,
				AACB93AB246A1A1100D32855 /* SliderCell.swift in Sources */,
				AACB93BB246A689E00D32855 /* SliderImageCell.swift in Sources */,
				AA969F242468F84B00D63378 /* SideMenuVC.swift in Sources */,
				AA5227282468EBEE00209793 /* AppDelegate.swift in Sources */,
				AA52272A2468EBEE00209793 /* SceneDelegate.swift in Sources */,
				AACB93AF246A1FAD00D32855 /* GradientView.swift in Sources */,
				AA969F2E2468FE3F00D63378 /* Constants.swift in Sources */,
				AACB93B4246A5D4000D32855 /* GenreCell.swift in Sources */,
			);
			runOnlyForDeploymentPostprocessing = 0;
		};
/* End PBXSourcesBuildPhase section */

/* Begin PBXVariantGroup section */
		AA52272D2468EBEE00209793 /* Main.storyboard */ = {
			isa = PBXVariantGroup;
			children = (
				AA52272E2468EBEE00209793 /* Base */,
			);
			name = Main.storyboard;
			sourceTree = "<group>";
		};
		AA5227322468EBF000209793 /* LaunchScreen.storyboard */ = {
			isa = PBXVariantGroup;
			children = (
				AA5227332468EBF000209793 /* Base */,
			);
			name = LaunchScreen.storyboard;
			sourceTree = "<group>";
		};
/* End PBXVariantGroup section */

/* Begin XCBuildConfiguration section */
		AA5227362468EBF000209793 /* Debug */ = {
			isa = XCBuildConfiguration;
			buildSettings = {
				ALWAYS_SEARCH_USER_PATHS = NO;
				CLANG_ANALYZER_NONNULL = YES;
				CLANG_ANALYZER_NUMBER_OBJECT_CONVERSION = YES_AGGRESSIVE;
				CLANG_CXX_LANGUAGE_STANDARD = "gnu++14";
				CLANG_CXX_LIBRARY = "libc++";
				CLANG_ENABLE_MODULES = YES;
				CLANG_ENABLE_OBJC_ARC = YES;
				CLANG_ENABLE_OBJC_WEAK = YES;
				CLANG_WARN_BLOCK_CAPTURE_AUTORELEASING = YES;
				CLANG_WARN_BOOL_CONVERSION = YES;
				CLANG_WARN_COMMA = YES;
				CLANG_WARN_CONSTANT_CONVERSION = YES;
				CLANG_WARN_DEPRECATED_OBJC_IMPLEMENTATIONS = YES;
				CLANG_WARN_DIRECT_OBJC_ISA_USAGE = YES_ERROR;
				CLANG_WARN_DOCUMENTATION_COMMENTS = YES;
				CLANG_WARN_EMPTY_BODY = YES;
				CLANG_WARN_ENUM_CONVERSION = YES;
				CLANG_WARN_INFINITE_RECURSION = YES;
				CLANG_WARN_INT_CONVERSION = YES;
				CLANG_WARN_NON_LITERAL_NULL_CONVERSION = YES;
				CLANG_WARN_OBJC_IMPLICIT_RETAIN_SELF = YES;
				CLANG_WARN_OBJC_LITERAL_CONVERSION = YES;
				CLANG_WARN_OBJC_ROOT_CLASS = YES_ERROR;
				CLANG_WARN_RANGE_LOOP_ANALYSIS = YES;
				CLANG_WARN_STRICT_PROTOTYPES = YES;
				CLANG_WARN_SUSPICIOUS_MOVE = YES;
				CLANG_WARN_UNGUARDED_AVAILABILITY = YES_AGGRESSIVE;
				CLANG_WARN_UNREACHABLE_CODE = YES;
				CLANG_WARN__DUPLICATE_METHOD_MATCH = YES;
				COPY_PHASE_STRIP = NO;
				DEBUG_INFORMATION_FORMAT = dwarf;
				ENABLE_STRICT_OBJC_MSGSEND = YES;
				ENABLE_TESTABILITY = YES;
				GCC_C_LANGUAGE_STANDARD = gnu11;
				GCC_DYNAMIC_NO_PIC = NO;
				GCC_NO_COMMON_BLOCKS = YES;
				GCC_OPTIMIZATION_LEVEL = 0;
				GCC_PREPROCESSOR_DEFINITIONS = (
					"DEBUG=1",
					"$(inherited)",
				);
				GCC_WARN_64_TO_32_BIT_CONVERSION = YES;
				GCC_WARN_ABOUT_RETURN_TYPE = YES_ERROR;
				GCC_WARN_UNDECLARED_SELECTOR = YES;
				GCC_WARN_UNINITIALIZED_AUTOS = YES_AGGRESSIVE;
				GCC_WARN_UNUSED_FUNCTION = YES;
				GCC_WARN_UNUSED_VARIABLE = YES;
				IPHONEOS_DEPLOYMENT_TARGET = 13.4;
				MTL_ENABLE_DEBUG_INFO = INCLUDE_SOURCE;
				MTL_FAST_MATH = YES;
				ONLY_ACTIVE_ARCH = YES;
				SDKROOT = iphoneos;
				SWIFT_ACTIVE_COMPILATION_CONDITIONS = DEBUG;
				SWIFT_OPTIMIZATION_LEVEL = "-Onone";
			};
			name = Debug;
		};
		AA5227372468EBF000209793 /* Release */ = {
			isa = XCBuildConfiguration;
			buildSettings = {
				ALWAYS_SEARCH_USER_PATHS = NO;
				CLANG_ANALYZER_NONNULL = YES;
				CLANG_ANALYZER_NUMBER_OBJECT_CONVERSION = YES_AGGRESSIVE;
				CLANG_CXX_LANGUAGE_STANDARD = "gnu++14";
				CLANG_CXX_LIBRARY = "libc++";
				CLANG_ENABLE_MODULES = YES;
				CLANG_ENABLE_OBJC_ARC = YES;
				CLANG_ENABLE_OBJC_WEAK = YES;
				CLANG_WARN_BLOCK_CAPTURE_AUTORELEASING = YES;
				CLANG_WARN_BOOL_CONVERSION = YES;
				CLANG_WARN_COMMA = YES;
				CLANG_WARN_CONSTANT_CONVERSION = YES;
				CLANG_WARN_DEPRECATED_OBJC_IMPLEMENTATIONS = YES;
				CLANG_WARN_DIRECT_OBJC_ISA_USAGE = YES_ERROR;
				CLANG_WARN_DOCUMENTATION_COMMENTS = YES;
				CLANG_WARN_EMPTY_BODY = YES;
				CLANG_WARN_ENUM_CONVERSION = YES;
				CLANG_WARN_INFINITE_RECURSION = YES;
				CLANG_WARN_INT_CONVERSION = YES;
				CLANG_WARN_NON_LITERAL_NULL_CONVERSION = YES;
				CLANG_WARN_OBJC_IMPLICIT_RETAIN_SELF = YES;
				CLANG_WARN_OBJC_LITERAL_CONVERSION = YES;
				CLANG_WARN_OBJC_ROOT_CLASS = YES_ERROR;
				CLANG_WARN_RANGE_LOOP_ANALYSIS = YES;
				CLANG_WARN_STRICT_PROTOTYPES = YES;
				CLANG_WARN_SUSPICIOUS_MOVE = YES;
				CLANG_WARN_UNGUARDED_AVAILABILITY = YES_AGGRESSIVE;
				CLANG_WARN_UNREACHABLE_CODE = YES;
				CLANG_WARN__DUPLICATE_METHOD_MATCH = YES;
				COPY_PHASE_STRIP = NO;
				DEBUG_INFORMATION_FORMAT = "dwarf-with-dsym";
				ENABLE_NS_ASSERTIONS = NO;
				ENABLE_STRICT_OBJC_MSGSEND = YES;
				GCC_C_LANGUAGE_STANDARD = gnu11;
				GCC_NO_COMMON_BLOCKS = YES;
				GCC_WARN_64_TO_32_BIT_CONVERSION = YES;
				GCC_WARN_ABOUT_RETURN_TYPE = YES_ERROR;
				GCC_WARN_UNDECLARED_SELECTOR = YES;
				GCC_WARN_UNINITIALIZED_AUTOS = YES_AGGRESSIVE;
				GCC_WARN_UNUSED_FUNCTION = YES;
				GCC_WARN_UNUSED_VARIABLE = YES;
				IPHONEOS_DEPLOYMENT_TARGET = 13.4;
				MTL_ENABLE_DEBUG_INFO = NO;
				MTL_FAST_MATH = YES;
				SDKROOT = iphoneos;
				SWIFT_COMPILATION_MODE = wholemodule;
				SWIFT_OPTIMIZATION_LEVEL = "-O";
				VALIDATE_PRODUCT = YES;
			};
			name = Release;
		};
		AA5227392468EBF000209793 /* Debug */ = {
			isa = XCBuildConfiguration;
			baseConfigurationReference = 5EC699D4587A569EA64AF286 /* Pods-Moviebase.debug.xcconfig */;
			buildSettings = {
				ASSETCATALOG_COMPILER_APPICON_NAME = AppIcon;
				CODE_SIGN_STYLE = Automatic;
				DEVELOPMENT_TEAM = 874WHJ22Z3;
				INFOPLIST_FILE = "$(SRCROOT)/Moviebase/Supporting Files/Info.plist";
				LD_RUNPATH_SEARCH_PATHS = (
					"$(inherited)",
					"@executable_path/Frameworks",
				);
				PRODUCT_BUNDLE_IDENTIFIER = ioslam.com.Moviebase;
				PRODUCT_NAME = "$(TARGET_NAME)";
				SWIFT_VERSION = 5.0;
				TARGETED_DEVICE_FAMILY = "1,2";
			};
			name = Debug;
		};
		AA52273A2468EBF000209793 /* Release */ = {
			isa = XCBuildConfiguration;
			baseConfigurationReference = 048E3C81E490E4E5D358E9E3 /* Pods-Moviebase.release.xcconfig */;
			buildSettings = {
				ASSETCATALOG_COMPILER_APPICON_NAME = AppIcon;
				CODE_SIGN_STYLE = Automatic;
				DEVELOPMENT_TEAM = 874WHJ22Z3;
				INFOPLIST_FILE = "$(SRCROOT)/Moviebase/Supporting Files/Info.plist";
				LD_RUNPATH_SEARCH_PATHS = (
					"$(inherited)",
					"@executable_path/Frameworks",
				);
				PRODUCT_BUNDLE_IDENTIFIER = ioslam.com.Moviebase;
				PRODUCT_NAME = "$(TARGET_NAME)";
				SWIFT_VERSION = 5.0;
				TARGETED_DEVICE_FAMILY = "1,2";
			};
			name = Release;
		};
/* End XCBuildConfiguration section */

/* Begin XCConfigurationList section */
		AA52271F2468EBEE00209793 /* Build configuration list for PBXProject "Moviebase" */ = {
			isa = XCConfigurationList;
			buildConfigurations = (
				AA5227362468EBF000209793 /* Debug */,
				AA5227372468EBF000209793 /* Release */,
			);
			defaultConfigurationIsVisible = 0;
			defaultConfigurationName = Release;
		};
		AA5227382468EBF000209793 /* Build configuration list for PBXNativeTarget "Moviebase" */ = {
			isa = XCConfigurationList;
			buildConfigurations = (
				AA5227392468EBF000209793 /* Debug */,
				AA52273A2468EBF000209793 /* Release */,
			);
			defaultConfigurationIsVisible = 0;
			defaultConfigurationName = Release;
		};
/* End XCConfigurationList section */
	};
	rootObject = AA52271C2468EBEE00209793 /* Project object */;
}
